// !$*UTF8*$!
{
	archiveVersion = 1;
	classes = {
	};
	objectVersion = 46;
	objects = {

/* Begin PBXBuildFile section */
		1227ADAD186FB8AE009B0560 /* Cocoa.framework in Frameworks */ = {isa = PBXBuildFile; fileRef = 1227ADAC186FB8AE009B0560 /* Cocoa.framework */; };
		1227ADB7186FB8AE009B0560 /* InfoPlist.strings in Resources */ = {isa = PBXBuildFile; fileRef = 1227ADB5186FB8AE009B0560 /* InfoPlist.strings */; };
		1227ADB9186FB8AE009B0560 /* main.m in Sources */ = {isa = PBXBuildFile; fileRef = 1227ADB8186FB8AE009B0560 /* main.m */; };
		1227ADBD186FB8AE009B0560 /* Credits.rtf in Resources */ = {isa = PBXBuildFile; fileRef = 1227ADBB186FB8AE009B0560 /* Credits.rtf */; };
		1227ADC0186FB8AE009B0560 /* AppDelegate.m in Sources */ = {isa = PBXBuildFile; fileRef = 1227ADBF186FB8AE009B0560 /* AppDelegate.m */; };
		1227ADC3186FB8AE009B0560 /* MainMenu.xib in Resources */ = {isa = PBXBuildFile; fileRef = 1227ADC1186FB8AE009B0560 /* MainMenu.xib */; };
		1227ADC5186FB8AE009B0560 /* Images.xcassets in Resources */ = {isa = PBXBuildFile; fileRef = 1227ADC4186FB8AE009B0560 /* Images.xcassets */; };
		1227ADCC186FB8AF009B0560 /* XCTest.framework in Frameworks */ = {isa = PBXBuildFile; fileRef = 1227ADCB186FB8AF009B0560 /* XCTest.framework */; };
		1227ADCD186FB8AF009B0560 /* Cocoa.framework in Frameworks */ = {isa = PBXBuildFile; fileRef = 1227ADAC186FB8AE009B0560 /* Cocoa.framework */; };
		1227ADD5186FB8AF009B0560 /* InfoPlist.strings in Resources */ = {isa = PBXBuildFile; fileRef = 1227ADD3186FB8AF009B0560 /* InfoPlist.strings */; };
		1227ADD7186FB8AF009B0560 /* SpeakLineTests.m in Sources */ = {isa = PBXBuildFile; fileRef = 1227ADD6186FB8AF009B0560 /* SpeakLineTests.m */; };
/* End PBXBuildFile section */

/* Begin PBXContainerItemProxy section */
		1227ADCE186FB8AF009B0560 /* PBXContainerItemProxy */ = {
			isa = PBXContainerItemProxy;
			containerPortal = 1227ADA1186FB8AE009B0560 /* Project object */;
			proxyType = 1;
			remoteGlobalIDString = 1227ADA8186FB8AE009B0560;
			remoteInfo = SpeakLine;
		};
/* End PBXContainerItemProxy section */

/* Begin PBXFileReference section */
		1227ADA9186FB8AE009B0560 /* SpeakLine.app */ = {isa = PBXFileReference; explicitFileType = wrapper.application; includeInIndex = 0; path = SpeakLine.app; sourceTree = BUILT_PRODUCTS_DIR; };
		1227ADAC186FB8AE009B0560 /* Cocoa.framework */ = {isa = PBXFileReference; lastKnownFileType = wrapper.framework; name = Cocoa.framework; path = System/Library/Frameworks/Cocoa.framework; sourceTree = SDKROOT; };
		1227ADAF186FB8AE009B0560 /* AppKit.framework */ = {isa = PBXFileReference; lastKnownFileType = wrapper.framework; name = AppKit.framework; path = System/Library/Frameworks/AppKit.framework; sourceTree = SDKROOT; };
		1227ADB0186FB8AE009B0560 /* CoreData.framework */ = {isa = PBXFileReference; lastKnownFileType = wrapper.framework; name = CoreData.framework; path = System/Library/Frameworks/CoreData.framework; sourceTree = SDKROOT; };
		1227ADB1186FB8AE009B0560 /* Foundation.framework */ = {isa = PBXFileReference; lastKnownFileType = wrapper.framework; name = Foundation.framework; path = System/Library/Frameworks/Foundation.framework; sourceTree = SDKROOT; };
		1227ADB4186FB8AE009B0560 /* SpeakLine-Info.plist */ = {isa = PBXFileReference; lastKnownFileType = text.plist.xml; path = "SpeakLine-Info.plist"; sourceTree = "<group>"; };
		1227ADB6186FB8AE009B0560 /* en */ = {isa = PBXFileReference; lastKnownFileType = text.plist.strings; name = en; path = en.lproj/InfoPlist.strings; sourceTree = "<group>"; };
		1227ADB8186FB8AE009B0560 /* main.m */ = {isa = PBXFileReference; lastKnownFileType = sourcecode.c.objc; path = main.m; sourceTree = "<group>"; };
		1227ADBA186FB8AE009B0560 /* SpeakLine-Prefix.pch */ = {isa = PBXFileReference; lastKnownFileType = sourcecode.c.h; path = "SpeakLine-Prefix.pch"; sourceTree = "<group>"; };
		1227ADBC186FB8AE009B0560 /* en */ = {isa = PBXFileReference; lastKnownFileType = text.rtf; name = en; path = en.lproj/Credits.rtf; sourceTree = "<group>"; };
		1227ADBE186FB8AE009B0560 /* AppDelegate.h */ = {isa = PBXFileReference; lastKnownFileType = sourcecode.c.h; path = AppDelegate.h; sourceTree = "<group>"; };
		1227ADBF186FB8AE009B0560 /* AppDelegate.m */ = {isa = PBXFileReference; lastKnownFileType = sourcecode.c.objc; path = AppDelegate.m; sourceTree = "<group>"; };
		1227ADC2186FB8AE009B0560 /* Base */ = {isa = PBXFileReference; lastKnownFileType = file.xib; name = Base; path = Base.lproj/MainMenu.xib; sourceTree = "<group>"; };
		1227ADC4186FB8AE009B0560 /* Images.xcassets */ = {isa = PBXFileReference; lastKnownFileType = folder.assetcatalog; path = Images.xcassets; sourceTree = "<group>"; };
		1227ADCA186FB8AF009B0560 /* SpeakLineTests.xctest */ = {isa = PBXFileReference; explicitFileType = wrapper.cfbundle; includeInIndex = 0; path = SpeakLineTests.xctest; sourceTree = BUILT_PRODUCTS_DIR; };
		1227ADCB186FB8AF009B0560 /* XCTest.framework */ = {isa = PBXFileReference; lastKnownFileType = wrapper.framework; name = XCTest.framework; path = Library/Frameworks/XCTest.framework; sourceTree = DEVELOPER_DIR; };
		1227ADD2186FB8AF009B0560 /* SpeakLineTests-Info.plist */ = {isa = PBXFileReference; lastKnownFileType = text.plist.xml; path = "SpeakLineTests-Info.plist"; sourceTree = "<group>"; };
		1227ADD4186FB8AF009B0560 /* en */ = {isa = PBXFileReference; lastKnownFileType = text.plist.strings; name = en; path = en.lproj/InfoPlist.strings; sourceTree = "<group>"; };
		1227ADD6186FB8AF009B0560 /* SpeakLineTests.m */ = {isa = PBXFileReference; lastKnownFileType = sourcecode.c.objc; path = SpeakLineTests.m; sourceTree = "<group>"; };
/* End PBXFileReference section */

/* Begin PBXFrameworksBuildPhase section */
		1227ADA6186FB8AE009B0560 /* Frameworks */ = {
			isa = PBXFrameworksBuildPhase;
			buildActionMask = 2147483647;
			files = (
				1227ADAD186FB8AE009B0560 /* Cocoa.framework in Frameworks */,
			);
			runOnlyForDeploymentPostprocessing = 0;
		};
		1227ADC7186FB8AF009B0560 /* Frameworks */ = {
			isa = PBXFrameworksBuildPhase;
			buildActionMask = 2147483647;
			files = (
				1227ADCD186FB8AF009B0560 /* Cocoa.framework in Frameworks */,
				1227ADCC186FB8AF009B0560 /* XCTest.framework in Frameworks */,
			);
			runOnlyForDeploymentPostprocessing = 0;
		};
/* End PBXFrameworksBuildPhase section */

/* Begin PBXGroup section */
		1227ADA0186FB8AE009B0560 = {
			isa = PBXGroup;
			children = (
				1227ADB2186FB8AE009B0560 /* SpeakLine */,
				1227ADD0186FB8AF009B0560 /* SpeakLineTests */,
				1227ADAB186FB8AE009B0560 /* Frameworks */,
				1227ADAA186FB8AE009B0560 /* Products */,
			);
			sourceTree = "<group>";
		};
		1227ADAA186FB8AE009B0560 /* Products */ = {
			isa = PBXGroup;
			children = (
				1227ADA9186FB8AE009B0560 /* SpeakLine.app */,
				1227ADCA186FB8AF009B0560 /* SpeakLineTests.xctest */,
			);
			name = Products;
			sourceTree = "<group>";
		};
		1227ADAB186FB8AE009B0560 /* Frameworks */ = {
			isa = PBXGroup;
			children = (
				1227ADAC186FB8AE009B0560 /* Cocoa.framework */,
				1227ADCB186FB8AF009B0560 /* XCTest.framework */,
				1227ADAE186FB8AE009B0560 /* Other Frameworks */,
			);
			name = Frameworks;
			sourceTree = "<group>";
		};
		1227ADAE186FB8AE009B0560 /* Other Frameworks */ = {
			isa = PBXGroup;
			children = (
				1227ADAF186FB8AE009B0560 /* AppKit.framework */,
				1227ADB0186FB8AE009B0560 /* CoreData.framework */,
				1227ADB1186FB8AE009B0560 /* Foundation.framework */,
			);
			name = "Other Frameworks";
			sourceTree = "<group>";
		};
		1227ADB2186FB8AE009B0560 /* SpeakLine */ = {
			isa = PBXGroup;
			children = (
				1227ADBE186FB8AE009B0560 /* AppDelegate.h */,
				1227ADBF186FB8AE009B0560 /* AppDelegate.m */,
				1227ADC1186FB8AE009B0560 /* MainMenu.xib */,
				1227ADC4186FB8AE009B0560 /* Images.xcassets */,
				1227ADB3186FB8AE009B0560 /* Supporting Files */,
			);
			path = SpeakLine;
			sourceTree = "<group>";
		};
		1227ADB3186FB8AE009B0560 /* Supporting Files */ = {
			isa = PBXGroup;
			children = (
				1227ADB4186FB8AE009B0560 /* SpeakLine-Info.plist */,
				1227ADB5186FB8AE009B0560 /* InfoPlist.strings */,
				1227ADB8186FB8AE009B0560 /* main.m */,
				1227ADBA186FB8AE009B0560 /* SpeakLine-Prefix.pch */,
				1227ADBB186FB8AE009B0560 /* Credits.rtf */,
			);
			name = "Supporting Files";
			sourceTree = "<group>";
		};
		1227ADD0186FB8AF009B0560 /* SpeakLineTests */ = {
			isa = PBXGroup;
			children = (
				1227ADD6186FB8AF009B0560 /* SpeakLineTests.m */,
				1227ADD1186FB8AF009B0560 /* Supporting Files */,
			);
			path = SpeakLineTests;
			sourceTree = "<group>";
		};
		1227ADD1186FB8AF009B0560 /* Supporting Files */ = {
			isa = PBXGroup;
			children = (
				1227ADD2186FB8AF009B0560 /* SpeakLineTests-Info.plist */,
				1227ADD3186FB8AF009B0560 /* InfoPlist.strings */,
			);
			name = "Supporting Files";
			sourceTree = "<group>";
		};
/* End PBXGroup section */

/* Begin PBXNativeTarget section */
		1227ADA8186FB8AE009B0560 /* SpeakLine */ = {
			isa = PBXNativeTarget;
			buildConfigurationList = 1227ADDA186FB8AF009B0560 /* Build configuration list for PBXNativeTarget "SpeakLine" */;
			buildPhases = (
				1227ADA5186FB8AE009B0560 /* Sources */,
				1227ADA6186FB8AE009B0560 /* Frameworks */,
				1227ADA7186FB8AE009B0560 /* Resources */,
			);
			buildRules = (
			);
			dependencies = (
			);
			name = SpeakLine;
			productName = SpeakLine;
			productReference = 1227ADA9186FB8AE009B0560 /* SpeakLine.app */;
			productType = "com.apple.product-type.application";
		};
		1227ADC9186FB8AF009B0560 /* SpeakLineTests */ = {
			isa = PBXNativeTarget;
			buildConfigurationList = 1227ADDD186FB8AF009B0560 /* Build configuration list for PBXNativeTarget "SpeakLineTests" */;
			buildPhases = (
				1227ADC6186FB8AF009B0560 /* Sources */,
				1227ADC7186FB8AF009B0560 /* Frameworks */,
				1227ADC8186FB8AF009B0560 /* Resources */,
			);
			buildRules = (
			);
			dependencies = (
				1227ADCF186FB8AF009B0560 /* PBXTargetDependency */,
			);
			name = SpeakLineTests;
			productName = SpeakLineTests;
			productReference = 1227ADCA186FB8AF009B0560 /* SpeakLineTests.xctest */;
			productType = "com.apple.product-type.bundle.unit-test";
		};
/* End PBXNativeTarget section */

/* Begin PBXProject section */
		1227ADA1186FB8AE009B0560 /* Project object */ = {
			isa = PBXProject;
			attributes = {
				LastUpgradeCheck = 0500;
				ORGANIZATIONNAME = "叶孙松";
				TargetAttributes = {
					1227ADC9186FB8AF009B0560 = {
						TestTargetID = 1227ADA8186FB8AE009B0560;
					};
				};
			};
			buildConfigurationList = 1227ADA4186FB8AE009B0560 /* Build configuration list for PBXProject "SpeakLine" */;
			compatibilityVersion = "Xcode 3.2";
			developmentRegion = English;
			hasScannedForEncodings = 0;
			knownRegions = (
				en,
				Base,
			);
			mainGroup = 1227ADA0186FB8AE009B0560;
			productRefGroup = 1227ADAA186FB8AE009B0560 /* Products */;
			projectDirPath = "";
			projectRoot = "";
			targets = (
				1227ADA8186FB8AE009B0560 /* SpeakLine */,
				1227ADC9186FB8AF009B0560 /* SpeakLineTests */,
			);
		};
/* End PBXProject section */

/* Begin PBXResourcesBuildPhase section */
		1227ADA7186FB8AE009B0560 /* Resources */ = {
			isa = PBXResourcesBuildPhase;
			buildActionMask = 2147483647;
			files = (
				1227ADB7186FB8AE009B0560 /* InfoPlist.strings in Resources */,
				1227ADC5186FB8AE009B0560 /* Images.xcassets in Resources */,
				1227ADBD186FB8AE009B0560 /* Credits.rtf in Resources */,
				1227ADC3186FB8AE009B0560 /* MainMenu.xib in Resources */,
			);
			runOnlyForDeploymentPostprocessing = 0;
		};
		1227ADC8186FB8AF009B0560 /* Resources */ = {
			isa = PBXResourcesBuildPhase;
			buildActionMask = 2147483647;
			files = (
				1227ADD5186FB8AF009B0560 /* InfoPlist.strings in Resources */,
			);
			runOnlyForDeploymentPostprocessing = 0;
		};
/* End PBXResourcesBuildPhase section */

/* Begin PBXSourcesBuildPhase section */
		1227ADA5186FB8AE009B0560 /* Sources */ = {
			isa = PBXSourcesBuildPhase;
			buildActionMask = 2147483647;
			files = (
				1227ADC0186FB8AE009B0560 /* AppDelegate.m in Sources */,
				1227ADB9186FB8AE009B0560 /* main.m in Sources */,
			);
			runOnlyForDeploymentPostprocessing = 0;
		};
		1227ADC6186FB8AF009B0560 /* Sources */ = {
			isa = PBXSourcesBuildPhase;
			buildActionMask = 2147483647;
			files = (
				1227ADD7186FB8AF009B0560 /* SpeakLineTests.m in Sources */,
			);
			runOnlyForDeploymentPostprocessing = 0;
		};
/* End PBXSourcesBuildPhase section */

/* Begin PBXTargetDependency section */
		1227ADCF186FB8AF009B0560 /* PBXTargetDependency */ = {
			isa = PBXTargetDependency;
			target = 1227ADA8186FB8AE009B0560 /* SpeakLine */;
			targetProxy = 1227ADCE186FB8AF009B0560 /* PBXContainerItemProxy */;
		};
/* End PBXTargetDependency section */

/* Begin PBXVariantGroup section */
		1227ADB5186FB8AE009B0560 /* InfoPlist.strings */ = {
			isa = PBXVariantGroup;
			children = (
				1227ADB6186FB8AE009B0560 /* en */,
			);
			name = InfoPlist.strings;
			sourceTree = "<group>";
		};
		1227ADBB186FB8AE009B0560 /* Credits.rtf */ = {
			isa = PBXVariantGroup;
			children = (
				1227ADBC186FB8AE009B0560 /* en */,
			);
			name = Credits.rtf;
			sourceTree = "<group>";
		};
		1227ADC1186FB8AE009B0560 /* MainMenu.xib */ = {
			isa = PBXVariantGroup;
			children = (
				1227ADC2186FB8AE009B0560 /* Base */,
			);
			name = MainMenu.xib;
			sourceTree = "<group>";
		};
		1227ADD3186FB8AF009B0560 /* InfoPlist.strings */ = {
			isa = PBXVariantGroup;
			children = (
				1227ADD4186FB8AF009B0560 /* en */,
			);
			name = InfoPlist.strings;
			sourceTree = "<group>";
		};
/* End PBXVariantGroup section */

/* Begin XCBuildConfiguration section */
		1227ADD8186FB8AF009B0560 /* Debug */ = {
			isa = XCBuildConfiguration;
			buildSettings = {
				ALWAYS_SEARCH_USER_PATHS = NO;
				CLANG_CXX_LANGUAGE_STANDARD = "gnu++0x";
				CLANG_CXX_LIBRARY = "libc++";
				CLANG_ENABLE_OBJC_ARC = YES;
				CLANG_WARN_BOOL_CONVERSION = YES;
				CLANG_WARN_CONSTANT_CONVERSION = YES;
				CLANG_WARN_DIRECT_OBJC_ISA_USAGE = YES_ERROR;
				CLANG_WARN_EMPTY_BODY = YES;
				CLANG_WARN_ENUM_CONVERSION = YES;
				CLANG_WARN_INT_CONVERSION = YES;
				CLANG_WARN_OBJC_ROOT_CLASS = YES_ERROR;
				CLANG_WARN__DUPLICATE_METHOD_MATCH = YES;
				COPY_PHASE_STRIP = NO;
				GCC_C_LANGUAGE_STANDARD = gnu99;
				GCC_DYNAMIC_NO_PIC = NO;
				GCC_ENABLE_OBJC_EXCEPTIONS = YES;
				GCC_OPTIMIZATION_LEVEL = 0;
				GCC_PREPROCESSOR_DEFINITIONS = (
					"DEBUG=1",
					"$(inherited)",
				);
				GCC_SYMBOLS_PRIVATE_EXTERN = NO;
				GCC_WARN_64_TO_32_BIT_CONVERSION = YES;
				GCC_WARN_ABOUT_RETURN_TYPE = YES_ERROR;
				GCC_WARN_UNDECLARED_SELECTOR = YES;
				GCC_WARN_UNINITIALIZED_AUTOS = YES;
				GCC_WARN_UNUSED_FUNCTION = YES;
				GCC_WARN_UNUSED_VARIABLE = YES;
				MACOSX_DEPLOYMENT_TARGET = 10.9;
				ONLY_ACTIVE_ARCH = YES;
				SDKROOT = macosx;
			};
			name = Debug;
		};
		1227ADD9186FB8AF009B0560 /* Release */ = {
			isa = XCBuildConfiguration;
			buildSettings = {
				ALWAYS_SEARCH_USER_PATHS = NO;
				CLANG_CXX_LANGUAGE_STANDARD = "gnu++0x";
				CLANG_CXX_LIBRARY = "libc++";
				CLANG_ENABLE_OBJC_ARC = YES;
				CLANG_WARN_BOOL_CONVERSION = YES;
				CLANG_WARN_CONSTANT_CONVERSION = YES;
				CLANG_WARN_DIRECT_OBJC_ISA_USAGE = YES_ERROR;
				CLANG_WARN_EMPTY_BODY = YES;
				CLANG_WARN_ENUM_CONVERSION = YES;
				CLANG_WARN_INT_CONVERSION = YES;
				CLANG_WARN_OBJC_ROOT_CLASS = YES_ERROR;
				CLANG_WARN__DUPLICATE_METHOD_MATCH = YES;
				COPY_PHASE_STRIP = YES;
				DEBUG_INFORMATION_FORMAT = "dwarf-with-dsym";
				ENABLE_NS_ASSERTIONS = NO;
				GCC_C_LANGUAGE_STANDARD = gnu99;
				GCC_ENABLE_OBJC_EXCEPTIONS = YES;
				GCC_WARN_64_TO_32_BIT_CONVERSION = YES;
				GCC_WARN_ABOUT_RETURN_TYPE = YES_ERROR;
				GCC_WARN_UNDECLARED_SELECTOR = YES;
				GCC_WARN_UNINITIALIZED_AUTOS = YES;
				GCC_WARN_UNUSED_FUNCTION = YES;
				GCC_WARN_UNUSED_VARIABLE = YES;
				MACOSX_DEPLOYMENT_TARGET = 10.9;
				SDKROOT = macosx;
			};
			name = Release;
		};
		1227ADDB186FB8AF009B0560 /* Debug */ = {
			isa = XCBuildConfiguration;
			buildSettings = {
				ASSETCATALOG_COMPILER_APPICON_NAME = AppIcon;
				COMBINE_HIDPI_IMAGES = YES;
				GCC_PRECOMPILE_PREFIX_HEADER = YES;
				GCC_PREFIX_HEADER = "SpeakLine/SpeakLine-Prefix.pch";
				INFOPLIST_FILE = "SpeakLine/SpeakLine-Info.plist";
				PRODUCT_NAME = "$(TARGET_NAME)";
				WRAPPER_EXTENSION = app;
			};
			name = Debug;
		};
		1227ADDC186FB8AF009B0560 /* Release */ = {
			isa = XCBuildConfiguration;
			buildSettings = {
				ASSETCATALOG_COMPILER_APPICON_NAME = AppIcon;
				COMBINE_HIDPI_IMAGES = YES;
				GCC_PRECOMPILE_PREFIX_HEADER = YES;
				GCC_PREFIX_HEADER = "SpeakLine/SpeakLine-Prefix.pch";
				INFOPLIST_FILE = "SpeakLine/SpeakLine-Info.plist";
				PRODUCT_NAME = "$(TARGET_NAME)";
				WRAPPER_EXTENSION = app;
			};
			name = Release;
		};
		1227ADDE186FB8AF009B0560 /* Debug */ = {
			isa = XCBuildConfiguration;
			buildSettings = {
				BUNDLE_LOADER = "$(BUILT_PRODUCTS_DIR)/SpeakLine.app/Contents/MacOS/SpeakLine";
				COMBINE_HIDPI_IMAGES = YES;
				FRAMEWORK_SEARCH_PATHS = (
					"$(DEVELOPER_FRAMEWORKS_DIR)",
					"$(inherited)",
				);
				GCC_PRECOMPILE_PREFIX_HEADER = YES;
				GCC_PREFIX_HEADER = "SpeakLine/SpeakLine-Prefix.pch";
				GCC_PREPROCESSOR_DEFINITIONS = (
					"DEBUG=1",
					"$(inherited)",
				);
				INFOPLIST_FILE = "SpeakLineTests/SpeakLineTests-Info.plist";
				PRODUCT_NAME = "$(TARGET_NAME)";
				TEST_HOST = "$(BUNDLE_LOADER)";
				WRAPPER_EXTENSION = xctest;
			};
			name = Debug;
		};
		1227ADDF186FB8AF009B0560 /* Release */ = {
			isa = XCBuildConfiguration;
			buildSettings = {
				BUNDLE_LOADER = "$(BUILT_PRODUCTS_DIR)/SpeakLine.app/Contents/MacOS/SpeakLine";
				COMBINE_HIDPI_IMAGES = YES;
				FRAMEWORK_SEARCH_PATHS = (
					"$(DEVELOPER_FRAMEWORKS_DIR)",
					"$(inherited)",
				);
				GCC_PRECOMPILE_PREFIX_HEADER = YES;
				GCC_PREFIX_HEADER = "SpeakLine/SpeakLine-Prefix.pch";
				INFOPLIST_FILE = "SpeakLineTests/SpeakLineTests-Info.plist";
				PRODUCT_NAME = "$(TARGET_NAME)";
				TEST_HOST = "$(BUNDLE_LOADER)";
				WRAPPER_EXTENSION = xctest;
			};
			name = Release;
		};
/* End XCBuildConfiguration section */

/* Begin XCConfigurationList section */
		1227ADA4186FB8AE009B0560 /* Build configuration list for PBXProject "SpeakLine" */ = {
			isa = XCConfigurationList;
			buildConfigurations = (
				1227ADD8186FB8AF009B0560 /* Debug */,
				1227ADD9186FB8AF009B0560 /* Release */,
			);
			defaultConfigurationIsVisible = 0;
			defaultConfigurationName = Release;
		};
		1227ADDA186FB8AF009B0560 /* Build configuration list for PBXNativeTarget "SpeakLine" */ = {
			isa = XCConfigurationList;
			buildConfigurations = (
				1227ADDB186FB8AF009B0560 /* Debug */,
				1227ADDC186FB8AF009B0560 /* Release */,
			);
			defaultConfigurationIsVisible = 0;
		};
		1227ADDD186FB8AF009B0560 /* Build configuration list for PBXNativeTarget "SpeakLineTests" */ = {
			isa = XCConfigurationList;
			buildConfigurations = (
				1227ADDE186FB8AF009B0560 /* Debug */,
				1227ADDF186FB8AF009B0560 /* Release */,
			);
			defaultConfigurationIsVisible = 0;
		};
/* End XCConfigurationList section */
	};
	rootObject = 1227ADA1186FB8AE009B0560 /* Project object */;
}
